// !$*UTF8*$!
{
	archiveVersion = 1;
	classes = {
	};
	objectVersion = 46;
	objects = {

/* Begin PBXBuildFile section */
		6436D4731AD554370027FAD0 /* CardMatchingGame.m in Sources */ = {isa = PBXBuildFile; fileRef = 6436D4721AD554370027FAD0 /* CardMatchingGame.m */; };
		6490D4BC1AD2AB42001C9F42 /* main.m in Sources */ = {isa = PBXBuildFile; fileRef = 6490D4BB1AD2AB42001C9F42 /* main.m */; };
		6490D4BF1AD2AB42001C9F42 /* AppDelegate.m in Sources */ = {isa = PBXBuildFile; fileRef = 6490D4BE1AD2AB42001C9F42 /* AppDelegate.m */; };
		6490D4C21AD2AB42001C9F42 /* ViewController.m in Sources */ = {isa = PBXBuildFile; fileRef = 6490D4C11AD2AB42001C9F42 /* ViewController.m */; };
		6490D4C51AD2AB42001C9F42 /* Main.storyboard in Resources */ = {isa = PBXBuildFile; fileRef = 6490D4C31AD2AB42001C9F42 /* Main.storyboard */; };
		6490D4C71AD2AB42001C9F42 /* Images.xcassets in Resources */ = {isa = PBXBuildFile; fileRef = 6490D4C61AD2AB42001C9F42 /* Images.xcassets */; };
		6490D4CA1AD2AB42001C9F42 /* LaunchScreen.xib in Resources */ = {isa = PBXBuildFile; fileRef = 6490D4C81AD2AB42001C9F42 /* LaunchScreen.xib */; };
		6490D4D61AD2AB42001C9F42 /* CardMatcherTests.m in Sources */ = {isa = PBXBuildFile; fileRef = 6490D4D51AD2AB42001C9F42 /* CardMatcherTests.m */; };
		6490D4E11AD2AB7C001C9F42 /* Card.m in Sources */ = {isa = PBXBuildFile; fileRef = 6490D4E01AD2AB7C001C9F42 /* Card.m */; };
		6490D4E71AD2AD79001C9F42 /* Deck.m in Sources */ = {isa = PBXBuildFile; fileRef = 6490D4E61AD2AD79001C9F42 /* Deck.m */; };
		6490D4EA1AD2BE5E001C9F42 /* PlayingCard.m in Sources */ = {isa = PBXBuildFile; fileRef = 6490D4E91AD2BE5E001C9F42 /* PlayingCard.m */; };
		6490D4ED1AD2CD37001C9F42 /* PlayingCardDeck.m in Sources */ = {isa = PBXBuildFile; fileRef = 6490D4EC1AD2CD37001C9F42 /* PlayingCardDeck.m */; };
/* End PBXBuildFile section */

/* Begin PBXContainerItemProxy section */
		6490D4D01AD2AB42001C9F42 /* PBXContainerItemProxy */ = {
			isa = PBXContainerItemProxy;
			containerPortal = 6490D4AE1AD2AB42001C9F42 /* Project object */;
			proxyType = 1;
			remoteGlobalIDString = 6490D4B51AD2AB42001C9F42;
			remoteInfo = CardMatcher;
		};
/* End PBXContainerItemProxy section */

/* Begin PBXFileReference section */
		6436D4711AD554370027FAD0 /* CardMatchingGame.h */ = {isa = PBXFileReference; fileEncoding = 4; lastKnownFileType = sourcecode.c.h; name = CardMatchingGame.h; path = Model/CardMatchingGame.h; sourceTree = "<group>"; };
		6436D4721AD554370027FAD0 /* CardMatchingGame.m */ = {isa = PBXFileReference; fileEncoding = 4; lastKnownFileType = sourcecode.c.objc; name = CardMatchingGame.m; path = Model/CardMatchingGame.m; sourceTree = "<group>"; };
		6490D4B61AD2AB42001C9F42 /* CardMatcher.app */ = {isa = PBXFileReference; explicitFileType = wrapper.application; includeInIndex = 0; path = CardMatcher.app; sourceTree = BUILT_PRODUCTS_DIR; };
		6490D4BA1AD2AB42001C9F42 /* Info.plist */ = {isa = PBXFileReference; lastKnownFileType = text.plist.xml; path = Info.plist; sourceTree = "<group>"; };
		6490D4BB1AD2AB42001C9F42 /* main.m */ = {isa = PBXFileReference; lastKnownFileType = sourcecode.c.objc; path = main.m; sourceTree = "<group>"; };
		6490D4BD1AD2AB42001C9F42 /* AppDelegate.h */ = {isa = PBXFileReference; lastKnownFileType = sourcecode.c.h; path = AppDelegate.h; sourceTree = "<group>"; };
		6490D4BE1AD2AB42001C9F42 /* AppDelegate.m */ = {isa = PBXFileReference; lastKnownFileType = sourcecode.c.objc; path = AppDelegate.m; sourceTree = "<group>"; };
		6490D4C01AD2AB42001C9F42 /* ViewController.h */ = {isa = PBXFileReference; lastKnownFileType = sourcecode.c.h; path = ViewController.h; sourceTree = "<group>"; };
		6490D4C11AD2AB42001C9F42 /* ViewController.m */ = {isa = PBXFileReference; lastKnownFileType = sourcecode.c.objc; path = ViewController.m; sourceTree = "<group>"; };
		6490D4C41AD2AB42001C9F42 /* Base */ = {isa = PBXFileReference; lastKnownFileType = file.storyboard; name = Base; path = Base.lproj/Main.storyboard; sourceTree = "<group>"; };
		6490D4C61AD2AB42001C9F42 /* Images.xcassets */ = {isa = PBXFileReference; lastKnownFileType = folder.assetcatalog; path = Images.xcassets; sourceTree = "<group>"; };
		6490D4C91AD2AB42001C9F42 /* Base */ = {isa = PBXFileReference; lastKnownFileType = file.xib; name = Base; path = Base.lproj/LaunchScreen.xib; sourceTree = "<group>"; };
		6490D4CF1AD2AB42001C9F42 /* CardMatcherTests.xctest */ = {isa = PBXFileReference; explicitFileType = wrapper.cfbundle; includeInIndex = 0; path = CardMatcherTests.xctest; sourceTree = BUILT_PRODUCTS_DIR; };
		6490D4D41AD2AB42001C9F42 /* Info.plist */ = {isa = PBXFileReference; lastKnownFileType = text.plist.xml; path = Info.plist; sourceTree = "<group>"; };
		6490D4D51AD2AB42001C9F42 /* CardMatcherTests.m */ = {isa = PBXFileReference; lastKnownFileType = sourcecode.c.objc; path = CardMatcherTests.m; sourceTree = "<group>"; };
		6490D4DF1AD2AB7C001C9F42 /* Card.h */ = {isa = PBXFileReference; fileEncoding = 4; lastKnownFileType = sourcecode.c.h; name = Card.h; path = Model/Card.h; sourceTree = "<group>"; };
		6490D4E01AD2AB7C001C9F42 /* Card.m */ = {isa = PBXFileReference; fileEncoding = 4; lastKnownFileType = sourcecode.c.objc; name = Card.m; path = Model/Card.m; sourceTree = "<group>"; };
		6490D4E51AD2AD79001C9F42 /* Deck.h */ = {isa = PBXFileReference; fileEncoding = 4; lastKnownFileType = sourcecode.c.h; name = Deck.h; path = Model/Deck.h; sourceTree = "<group>"; };
		6490D4E61AD2AD79001C9F42 /* Deck.m */ = {isa = PBXFileReference; fileEncoding = 4; lastKnownFileType = sourcecode.c.objc; name = Deck.m; path = Model/Deck.m; sourceTree = "<group>"; };
		6490D4E81AD2BE5E001C9F42 /* PlayingCard.h */ = {isa = PBXFileReference; fileEncoding = 4; lastKnownFileType = sourcecode.c.h; name = PlayingCard.h; path = Model/PlayingCard.h; sourceTree = "<group>"; };
		6490D4E91AD2BE5E001C9F42 /* PlayingCard.m */ = {isa = PBXFileReference; fileEncoding = 4; lastKnownFileType = sourcecode.c.objc; name = PlayingCard.m; path = Model/PlayingCard.m; sourceTree = "<group>"; };
		6490D4EB1AD2CD37001C9F42 /* PlayingCardDeck.h */ = {isa = PBXFileReference; fileEncoding = 4; lastKnownFileType = sourcecode.c.h; name = PlayingCardDeck.h; path = Model/PlayingCardDeck.h; sourceTree = "<group>"; };
		6490D4EC1AD2CD37001C9F42 /* PlayingCardDeck.m */ = {isa = PBXFileReference; fileEncoding = 4; lastKnownFileType = sourcecode.c.objc; name = PlayingCardDeck.m; path = Model/PlayingCardDeck.m; sourceTree = "<group>"; };
/* End PBXFileReference section */

/* Begin PBXFrameworksBuildPhase section */
		6490D4B31AD2AB42001C9F42 /* Frameworks */ = {
			isa = PBXFrameworksBuildPhase;
			buildActionMask = 2147483647;
			files = (
			);
			runOnlyForDeploymentPostprocessing = 0;
		};
		6490D4CC1AD2AB42001C9F42 /* Frameworks */ = {
			isa = PBXFrameworksBuildPhase;
			buildActionMask = 2147483647;
			files = (
			);
			runOnlyForDeploymentPostprocessing = 0;
		};
/* End PBXFrameworksBuildPhase section */

/* Begin PBXGroup section */
		6490D4AD1AD2AB42001C9F42 = {
			isa = PBXGroup;
			children = (
				6490D4B81AD2AB42001C9F42 /* CardMatcher */,
				6490D4D21AD2AB42001C9F42 /* CardMatcherTests */,
				6490D4B71AD2AB42001C9F42 /* Products */,
			);
			sourceTree = "<group>";
		};
		6490D4B71AD2AB42001C9F42 /* Products */ = {
			isa = PBXGroup;
			children = (
				6490D4B61AD2AB42001C9F42 /* CardMatcher.app */,
				6490D4CF1AD2AB42001C9F42 /* CardMatcherTests.xctest */,
			);
			name = Products;
			sourceTree = "<group>";
		};
		6490D4B81AD2AB42001C9F42 /* CardMatcher */ = {
			isa = PBXGroup;
			children = (
				6490D4E21AD2AB84001C9F42 /* Model */,
				6490D4E31AD2AB9C001C9F42 /* View */,
				6490D4E41AD2ABB0001C9F42 /* Controller */,
				6490D4C61AD2AB42001C9F42 /* Images.xcassets */,
				6490D4C81AD2AB42001C9F42 /* LaunchScreen.xib */,
				6490D4B91AD2AB42001C9F42 /* Supporting Files */,
			);
			path = CardMatcher;
			sourceTree = "<group>";
		};
		6490D4B91AD2AB42001C9F42 /* Supporting Files */ = {
			isa = PBXGroup;
			children = (
				6490D4BD1AD2AB42001C9F42 /* AppDelegate.h */,
				6490D4BE1AD2AB42001C9F42 /* AppDelegate.m */,
				6490D4BA1AD2AB42001C9F42 /* Info.plist */,
				6490D4BB1AD2AB42001C9F42 /* main.m */,
			);
			name = "Supporting Files";
			sourceTree = "<group>";
		};
		6490D4D21AD2AB42001C9F42 /* CardMatcherTests */ = {
			isa = PBXGroup;
			children = (
				6490D4D51AD2AB42001C9F42 /* CardMatcherTests.m */,
				6490D4D31AD2AB42001C9F42 /* Supporting Files */,
			);
			path = CardMatcherTests;
			sourceTree = "<group>";
		};
		6490D4D31AD2AB42001C9F42 /* Supporting Files */ = {
			isa = PBXGroup;
			children = (
				6490D4D41AD2AB42001C9F42 /* Info.plist */,
			);
			name = "Supporting Files";
			sourceTree = "<group>";
		};
		6490D4E21AD2AB84001C9F42 /* Model */ = {
			isa = PBXGroup;
			children = (
				6490D4DF1AD2AB7C001C9F42 /* Card.h */,
				6490D4E01AD2AB7C001C9F42 /* Card.m */,
				6490D4E81AD2BE5E001C9F42 /* PlayingCard.h */,
				6490D4E91AD2BE5E001C9F42 /* PlayingCard.m */,
				6490D4E51AD2AD79001C9F42 /* Deck.h */,
				6490D4E61AD2AD79001C9F42 /* Deck.m */,
				6490D4EB1AD2CD37001C9F42 /* PlayingCardDeck.h */,
				6490D4EC1AD2CD37001C9F42 /* PlayingCardDeck.m */,
				6436D4711AD554370027FAD0 /* CardMatchingGame.h */,
				6436D4721AD554370027FAD0 /* CardMatchingGame.m */,
			);
			name = Model;
			sourceTree = "<group>";
		};
		6490D4E31AD2AB9C001C9F42 /* View */ = {
			isa = PBXGroup;
			children = (
				6490D4C31AD2AB42001C9F42 /* Main.storyboard */,
			);
			name = View;
			sourceTree = "<group>";
		};
		6490D4E41AD2ABB0001C9F42 /* Controller */ = {
			isa = PBXGroup;
			children = (
				6490D4C01AD2AB42001C9F42 /* ViewController.h */,
				6490D4C11AD2AB42001C9F42 /* ViewController.m */,
			);
			name = Controller;
			sourceTree = "<group>";
		};
/* End PBXGroup section */

/* Begin PBXNativeTarget section */
		6490D4B51AD2AB42001C9F42 /* CardMatcher */ = {
			isa = PBXNativeTarget;
			buildConfigurationList = 6490D4D91AD2AB42001C9F42 /* Build configuration list for PBXNativeTarget "CardMatcher" */;
			buildPhases = (
				6490D4B21AD2AB42001C9F42 /* Sources */,
				6490D4B31AD2AB42001C9F42 /* Frameworks */,
				6490D4B41AD2AB42001C9F42 /* Resources */,
			);
			buildRules = (
			);
			dependencies = (
			);
			name = CardMatcher;
			productName = CardMatcher;
			productReference = 6490D4B61AD2AB42001C9F42 /* CardMatcher.app */;
			productType = "com.apple.product-type.application";
		};
		6490D4CE1AD2AB42001C9F42 /* CardMatcherTests */ = {
			isa = PBXNativeTarget;
			buildConfigurationList = 6490D4DC1AD2AB42001C9F42 /* Build configuration list for PBXNativeTarget "CardMatcherTests" */;
			buildPhases = (
				6490D4CB1AD2AB42001C9F42 /* Sources */,
				6490D4CC1AD2AB42001C9F42 /* Frameworks */,
				6490D4CD1AD2AB42001C9F42 /* Resources */,
			);
			buildRules = (
			);
			dependencies = (
				6490D4D11AD2AB42001C9F42 /* PBXTargetDependency */,
			);
			name = CardMatcherTests;
			productName = CardMatcherTests;
			productReference = 6490D4CF1AD2AB42001C9F42 /* CardMatcherTests.xctest */;
			productType = "com.apple.product-type.bundle.unit-test";
		};
/* End PBXNativeTarget section */

/* Begin PBXProject section */
		6490D4AE1AD2AB42001C9F42 /* Project object */ = {
			isa = PBXProject;
			attributes = {
				LastUpgradeCheck = 0620;
				ORGANIZATIONNAME = "Ross Whyte";
				TargetAttributes = {
					6490D4B51AD2AB42001C9F42 = {
						CreatedOnToolsVersion = 6.2;
					};
					6490D4CE1AD2AB42001C9F42 = {
						CreatedOnToolsVersion = 6.2;
						TestTargetID = 6490D4B51AD2AB42001C9F42;
					};
				};
			};
			buildConfigurationList = 6490D4B11AD2AB42001C9F42 /* Build configuration list for PBXProject "CardMatcher" */;
			compatibilityVersion = "Xcode 3.2";
			developmentRegion = English;
			hasScannedForEncodings = 0;
			knownRegions = (
				en,
				Base,
			);
			mainGroup = 6490D4AD1AD2AB42001C9F42;
			productRefGroup = 6490D4B71AD2AB42001C9F42 /* Products */;
			projectDirPath = "";
			projectRoot = "";
			targets = (
				6490D4B51AD2AB42001C9F42 /* CardMatcher */,
				6490D4CE1AD2AB42001C9F42 /* CardMatcherTests */,
			);
		};
/* End PBXProject section */

/* Begin PBXResourcesBuildPhase section */
		6490D4B41AD2AB42001C9F42 /* Resources */ = {
			isa = PBXResourcesBuildPhase;
			buildActionMask = 2147483647;
			files = (
				6490D4C51AD2AB42001C9F42 /* Main.storyboard in Resources */,
				6490D4CA1AD2AB42001C9F42 /* LaunchScreen.xib in Resources */,
				6490D4C71AD2AB42001C9F42 /* Images.xcassets in Resources */,
			);
			runOnlyForDeploymentPostprocessing = 0;
		};
		6490D4CD1AD2AB42001C9F42 /* Resources */ = {
			isa = PBXResourcesBuildPhase;
			buildActionMask = 2147483647;
			files = (
			);
			runOnlyForDeploymentPostprocessing = 0;
		};
/* End PBXResourcesBuildPhase section */

/* Begin PBXSourcesBuildPhase section */
		6490D4B21AD2AB42001C9F42 /* Sources */ = {
			isa = PBXSourcesBuildPhase;
			buildActionMask = 2147483647;
			files = (
				6490D4EA1AD2BE5E001C9F42 /* PlayingCard.m in Sources */,
				6490D4E71AD2AD79001C9F42 /* Deck.m in Sources */,
				6490D4C21AD2AB42001C9F42 /* ViewController.m in Sources */,
				6490D4BF1AD2AB42001C9F42 /* AppDelegate.m in Sources */,
				6436D4731AD554370027FAD0 /* CardMatchingGame.m in Sources */,
				6490D4ED1AD2CD37001C9F42 /* PlayingCardDeck.m in Sources */,
				6490D4BC1AD2AB42001C9F42 /* main.m in Sources */,
				6490D4E11AD2AB7C001C9F42 /* Card.m in Sources */,
			);
			runOnlyForDeploymentPostprocessing = 0;
		};
		6490D4CB1AD2AB42001C9F42 /* Sources */ = {
			isa = PBXSourcesBuildPhase;
			buildActionMask = 2147483647;
			files = (
				6490D4D61AD2AB42001C9F42 /* CardMatcherTests.m in Sources */,
			);
			runOnlyForDeploymentPostprocessing = 0;
		};
/* End PBXSourcesBuildPhase section */

/* Begin PBXTargetDependency section */
		6490D4D11AD2AB42001C9F42 /* PBXTargetDependency */ = {
			isa = PBXTargetDependency;
			target = 6490D4B51AD2AB42001C9F42 /* CardMatcher */;
			targetProxy = 6490D4D01AD2AB42001C9F42 /* PBXContainerItemProxy */;
		};
/* End PBXTargetDependency section */

/* Begin PBXVariantGroup section */
		6490D4C31AD2AB42001C9F42 /* Main.storyboard */ = {
			isa = PBXVariantGroup;
			children = (
				6490D4C41AD2AB42001C9F42 /* Base */,
			);
			name = Main.storyboard;
			sourceTree = "<group>";
		};
		6490D4C81AD2AB42001C9F42 /* LaunchScreen.xib */ = {
			isa = PBXVariantGroup;
			children = (
				6490D4C91AD2AB42001C9F42 /* Base */,
			);
			name = LaunchScreen.xib;
			sourceTree = "<group>";
		};
/* End PBXVariantGroup section */

/* Begin XCBuildConfiguration section */
		6490D4D71AD2AB42001C9F42 /* Debug */ = {
			isa = XCBuildConfiguration;
			buildSettings = {
				ALWAYS_SEARCH_USER_PATHS = NO;
				CLANG_CXX_LANGUAGE_STANDARD = "gnu++0x";
				CLANG_CXX_LIBRARY = "libc++";
				CLANG_ENABLE_MODULES = YES;
				CLANG_ENABLE_OBJC_ARC = YES;
				CLANG_WARN_BOOL_CONVERSION = YES;
				CLANG_WARN_CONSTANT_CONVERSION = YES;
				CLANG_WARN_DIRECT_OBJC_ISA_USAGE = YES_ERROR;
				CLANG_WARN_EMPTY_BODY = YES;
				CLANG_WARN_ENUM_CONVERSION = YES;
				CLANG_WARN_INT_CONVERSION = YES;
				CLANG_WARN_OBJC_ROOT_CLASS = YES_ERROR;
				CLANG_WARN_UNREACHABLE_CODE = YES;
				CLANG_WARN__DUPLICATE_METHOD_MATCH = YES;
				"CODE_SIGN_IDENTITY[sdk=iphoneos*]" = "iPhone Developer";
				COPY_PHASE_STRIP = NO;
				ENABLE_STRICT_OBJC_MSGSEND = YES;
				GCC_C_LANGUAGE_STANDARD = gnu99;
				GCC_DYNAMIC_NO_PIC = NO;
				GCC_OPTIMIZATION_LEVEL = 0;
				GCC_PREPROCESSOR_DEFINITIONS = (
					"DEBUG=1",
					"$(inherited)",
				);
				GCC_SYMBOLS_PRIVATE_EXTERN = NO;
				GCC_WARN_64_TO_32_BIT_CONVERSION = YES;
				GCC_WARN_ABOUT_RETURN_TYPE = YES_ERROR;
				GCC_WARN_UNDECLARED_SELECTOR = YES;
				GCC_WARN_UNINITIALIZED_AUTOS = YES_AGGRESSIVE;
				GCC_WARN_UNUSED_FUNCTION = YES;
				GCC_WARN_UNUSED_VARIABLE = YES;
				IPHONEOS_DEPLOYMENT_TARGET = 8.2;
				MTL_ENABLE_DEBUG_INFO = YES;
				ONLY_ACTIVE_ARCH = YES;
				SDKROOT = iphoneos;
			};
			name = Debug;
		};
		6490D4D81AD2AB42001C9F42 /* Release */ = {
			isa = XCBuildConfiguration;
			buildSettings = {
				ALWAYS_SEARCH_USER_PATHS = NO;
				CLANG_CXX_LANGUAGE_STANDARD = "gnu++0x";
				CLANG_CXX_LIBRARY = "libc++";
				CLANG_ENABLE_MODULES = YES;
				CLANG_ENABLE_OBJC_ARC = YES;
				CLANG_WARN_BOOL_CONVERSION = YES;
				CLANG_WARN_CONSTANT_CONVERSION = YES;
				CLANG_WARN_DIRECT_OBJC_ISA_USAGE = YES_ERROR;
				CLANG_WARN_EMPTY_BODY = YES;
				CLANG_WARN_ENUM_CONVERSION = YES;
				CLANG_WARN_INT_CONVERSION = YES;
				CLANG_WARN_OBJC_ROOT_CLASS = YES_ERROR;
				CLANG_WARN_UNREACHABLE_CODE = YES;
				CLANG_WARN__DUPLICATE_METHOD_MATCH = YES;
				"CODE_SIGN_IDENTITY[sdk=iphoneos*]" = "iPhone Developer";
				COPY_PHASE_STRIP = NO;
				ENABLE_NS_ASSERTIONS = NO;
				ENABLE_STRICT_OBJC_MSGSEND = YES;
				GCC_C_LANGUAGE_STANDARD = gnu99;
				GCC_WARN_64_TO_32_BIT_CONVERSION = YES;
				GCC_WARN_ABOUT_RETURN_TYPE = YES_ERROR;
				GCC_WARN_UNDECLARED_SELECTOR = YES;
				GCC_WARN_UNINITIALIZED_AUTOS = YES_AGGRESSIVE;
				GCC_WARN_UNUSED_FUNCTION = YES;
				GCC_WARN_UNUSED_VARIABLE = YES;
				IPHONEOS_DEPLOYMENT_TARGET = 8.2;
				MTL_ENABLE_DEBUG_INFO = NO;
				SDKROOT = iphoneos;
				VALIDATE_PRODUCT = YES;
			};
			name = Release;
		};
		6490D4DA1AD2AB42001C9F42 /* Debug */ = {
			isa = XCBuildConfiguration;
			buildSettings = {
				ASSETCATALOG_COMPILER_APPICON_NAME = AppIcon;
				INFOPLIST_FILE = CardMatcher/Info.plist;
				LD_RUNPATH_SEARCH_PATHS = "$(inherited) @executable_path/Frameworks";
				PRODUCT_NAME = "$(TARGET_NAME)";
			};
			name = Debug;
		};
		6490D4DB1AD2AB42001C9F42 /* Release */ = {
			isa = XCBuildConfiguration;
			buildSettings = {
				ASSETCATALOG_COMPILER_APPICON_NAME = AppIcon;
				INFOPLIST_FILE = CardMatcher/Info.plist;
				LD_RUNPATH_SEARCH_PATHS = "$(inherited) @executable_path/Frameworks";
				PRODUCT_NAME = "$(TARGET_NAME)";
			};
			name = Release;
		};
		6490D4DD1AD2AB42001C9F42 /* Debug */ = {
			isa = XCBuildConfiguration;
			buildSettings = {
				BUNDLE_LOADER = "$(TEST_HOST)";
				FRAMEWORK_SEARCH_PATHS = (
					"$(SDKROOT)/Developer/Library/Frameworks",
					"$(inherited)",
				);
				GCC_PREPROCESSOR_DEFINITIONS = (
					"DEBUG=1",
					"$(inherited)",
				);
				INFOPLIST_FILE = CardMatcherTests/Info.plist;
				LD_RUNPATH_SEARCH_PATHS = "$(inherited) @executable_path/Frameworks @loader_path/Frameworks";
				PRODUCT_NAME = "$(TARGET_NAME)";
				TEST_HOST = "$(BUILT_PRODUCTS_DIR)/CardMatcher.app/CardMatcher";
			};
			name = Debug;
		};
		6490D4DE1AD2AB42001C9F42 /* Release */ = {
			isa = XCBuildConfiguration;
			buildSettings = {
				BUNDLE_LOADER = "$(TEST_HOST)";
				FRAMEWORK_SEARCH_PATHS = (
					"$(SDKROOT)/Developer/Library/Frameworks",
					"$(inherited)",
				);
				INFOPLIST_FILE = CardMatcherTests/Info.plist;
				LD_RUNPATH_SEARCH_PATHS = "$(inherited) @executable_path/Frameworks @loader_path/Frameworks";
				PRODUCT_NAME = "$(TARGET_NAME)";
				TEST_HOST = "$(BUILT_PRODUCTS_DIR)/CardMatcher.app/CardMatcher";
			};
			name = Release;
		};
/* End XCBuildConfiguration section */

/* Begin XCConfigurationList section */
		6490D4B11AD2AB42001C9F42 /* Build configuration list for PBXProject "CardMatcher" */ = {
			isa = XCConfigurationList;
			buildConfigurations = (
				6490D4D71AD2AB42001C9F42 /* Debug */,
				6490D4D81AD2AB42001C9F42 /* Release */,
			);
			defaultConfigurationIsVisible = 0;
			defaultConfigurationName = Release;
		};
		6490D4D91AD2AB42001C9F42 /* Build configuration list for PBXNativeTarget "CardMatcher" */ = {
			isa = XCConfigurationList;
			buildConfigurations = (
				6490D4DA1AD2AB42001C9F42 /* Debug */,
				6490D4DB1AD2AB42001C9F42 /* Release */,
			);
			defaultConfigurationIsVisible = 0;
			defaultConfigurationName = Release;
		};
		6490D4DC1AD2AB42001C9F42 /* Build configuration list for PBXNativeTarget "CardMatcherTests" */ = {
			isa = XCConfigurationList;
			buildConfigurations = (
				6490D4DD1AD2AB42001C9F42 /* Debug */,
				6490D4DE1AD2AB42001C9F42 /* Release */,
			);
			defaultConfigurationIsVisible = 0;
			defaultConfigurationName = Release;
		};
/* End XCConfigurationList section */
	};
	rootObject = 6490D4AE1AD2AB42001C9F42 /* Project object */;
}
